
Microsoft Visual Studio Solution File, Format Version 12.00
# Visual Studio Version 16
VisualStudioVersion = 16.0.29324.140
MinimumVisualStudioVersion = 10.0.40219.1
Project("{9A19103F-16F7-4668-BE54-9A1E7A4F7556}") = "Demo03", "Demo03\Demo03.csproj", "{34CAAD0A-C17C-4A8D-8AE8-E96A5C1A5D8A}"
EndProject
Project("{9A19103F-16F7-4668-BE54-9A1E7A4F7556}") = "Demo04", "Demo04\Demo04.csproj", "{564370B8-8890-4A8F-8496-8EAC768A8363}"
EndProject
Project("{9A19103F-16F7-4668-BE54-9A1E7A4F7556}") = "Demo05", "Demo05\Demo05.csproj", "{4660CE50-2337-4731-B7A7-A7569E5112D8}"
EndProject
Project("{9A19103F-16F7-4668-BE54-9A1E7A4F7556}") = "Harj03", "Harj03\Harj03.csproj", "{45AD1878-D539-4EA2-8E53-D917A15C179E}"
EndProject
Project("{9A19103F-16F7-4668-BE54-9A1E7A4F7556}") = "Harj05_L05T01", "Harj05_L05T01\Harj05_L05T01.csproj", "{54F66931-FD59-45A0-9B94-8BAC3570DFAF}"
EndProject
Project("{9A19103F-16F7-4668-BE54-9A1E7A4F7556}") = "Harj05_L05T02", "Harj05_L05T02\Harj05_L05T02.csproj", "{F9BBBF65-A4F0-4F63-B844-3D1221EA235E}"
EndProject
Project("{9A19103F-16F7-4668-BE54-9A1E7A4F7556}") = "Harj05_L05T03", "Harj05_L05T03\Harj05_L05T03.csproj", "{B221ECAD-B896-4B89-8D07-5D3F0461765E}"
EndProject
Project("{9A19103F-16F7-4668-BE54-9A1E7A4F7556}") = "Harj05_L05T04", "Harj05_L05T04\Harj05_L05T04.csproj", "{872441B0-7CAB-4B36-9AFA-41A7A7431586}"
EndProject
Project("{9A19103F-16F7-4668-BE54-9A1E7A4F7556}") = "Harj05_L05T05", "Harj05_L05T05\Harj05_L05T05.csproj", "{4D65F2E3-B38B-476D-8E73-1BE88410C493}"
EndProject
Project("{9A19103F-16F7-4668-BE54-9A1E7A4F7556}") = "Demo06", "Demo06\Demo06.csproj", "{70E5EB4F-8B8E-412E-86B9-21F651AF9BB9}"
EndProject
Project("{9A19103F-16F7-4668-BE54-9A1E7A4F7556}") = "Harj06", "Harj06\Harj06.csproj", "{A633BB64-6BFB-4195-8A83-CABE1A436515}"
EndProject
Project("{9A19103F-16F7-4668-BE54-9A1E7A4F7556}") = "Demo07", "Demo07\Demo07.csproj", "{471CD39D-2866-4FEF-8398-A36FA297F4B4}"
EndProject
Project("{9A19103F-16F7-4668-BE54-9A1E7A4F7556}") = "Harj07_L07T01", "Harj07_L07T01\Harj07_L07T01.csproj", "{88B3455F-4E74-4874-A772-41C405E80EA6}"
EndProject
Project("{9A19103F-16F7-4668-BE54-9A1E7A4F7556}") = "Harj07_L07T02", "Harj07_L07T02\Harj07_L07T02.csproj", "{3A64DA9D-8CDB-4B8E-8704-180EDE6CBA9F}"
EndProject
Project("{9A19103F-16F7-4668-BE54-9A1E7A4F7556}") = "Harj07_L07T03", "Harj07_L07T03\Harj07_L07T03.csproj", "{870321D5-DA34-4ABD-8EFC-75A33A429DDE}"
EndProject
Project("{9A19103F-16F7-4668-BE54-9A1E7A4F7556}") = "Harj07_L07T04", "Harj07_L07T04\Harj07_L07T04.csproj", "{4FB4A1D1-548B-4BE2-8AEF-13B7F032E968}"
EndProject
Project("{9A19103F-16F7-4668-BE54-9A1E7A4F7556}") = "Harj07_L07T05", "Harj07_L07T05\Harj07_L07T05.csproj", "{4824CFAD-A118-47AB-92BB-691AB2394EE7}"
EndProject
Project("{9A19103F-16F7-4668-BE54-9A1E7A4F7556}") = "Harj07_L07T06", "Harj07_L07T06\Harj07_L07T06.csproj", "{8277B4E5-D62E-490B-9934-7A9A759D4778}"
EndProject
Project("{9A19103F-16F7-4668-BE54-9A1E7A4F7556}") = "Demo08", "Demo08\Demo08.csproj", "{3C10FA60-62D2-4229-85D6-73CEAD0AD8F6}"
EndProject
Project("{9A19103F-16F7-4668-BE54-9A1E7A4F7556}") = "Demo09", "Demo09\Demo09.csproj", "{551B370F-37E1-4339-AB29-E612D08F655D}"
EndProject
Project("{9A19103F-16F7-4668-BE54-9A1E7A4F7556}") = "Harj09_L09T01", "Harj09_L09T01\Harj09_L09T01.csproj", "{2B5DA0D4-0F8F-4184-B11B-328B3CB83B61}"
EndProject
Project("{9A19103F-16F7-4668-BE54-9A1E7A4F7556}") = "Harj09_L09T02", "Harj09_L09T02\Harj09_L09T02.csproj", "{2A21B1C3-C70C-4392-8D26-310CA484FA08}"
EndProject
Project("{9A19103F-16F7-4668-BE54-9A1E7A4F7556}") = "Demo10", "Demo10\Demo10.csproj", "{DDFCA777-876F-459F-A819-CA298E0A41A8}"
EndProject
Project("{9A19103F-16F7-4668-BE54-9A1E7A4F7556}") = "Harj10_L10T01", "Harj10_L10T01\Harj10_L10T01.csproj", "{1AB502C8-F7F5-43C5-828F-FE22A43ABFE7}"
EndProject
Project("{FAE04EC0-301F-11D3-BF4B-00C04F79EFBC}") = "Harj10_L10T02", "Harj10_L10T02\Harj10_L10T02.csproj", "{9A5CE0F6-CB27-4D1B-AE91-036E6915E4C6}"
EndProject
Global
	GlobalSection(SolutionConfigurationPlatforms) = preSolution
		Debug|Any CPU = Debug|Any CPU
		Release|Any CPU = Release|Any CPU
	EndGlobalSection
	GlobalSection(ProjectConfigurationPlatforms) = postSolution
		{34CAAD0A-C17C-4A8D-8AE8-E96A5C1A5D8A}.Debug|Any CPU.ActiveCfg = Debug|Any CPU
		{34CAAD0A-C17C-4A8D-8AE8-E96A5C1A5D8A}.Debug|Any CPU.Build.0 = Debug|Any CPU
		{34CAAD0A-C17C-4A8D-8AE8-E96A5C1A5D8A}.Release|Any CPU.ActiveCfg = Release|Any CPU
		{34CAAD0A-C17C-4A8D-8AE8-E96A5C1A5D8A}.Release|Any CPU.Build.0 = Release|Any CPU
		{564370B8-8890-4A8F-8496-8EAC768A8363}.Debug|Any CPU.ActiveCfg = Debug|Any CPU
		{564370B8-8890-4A8F-8496-8EAC768A8363}.Debug|Any CPU.Build.0 = Debug|Any CPU
		{564370B8-8890-4A8F-8496-8EAC768A8363}.Release|Any CPU.ActiveCfg = Release|Any CPU
		{564370B8-8890-4A8F-8496-8EAC768A8363}.Release|Any CPU.Build.0 = Release|Any CPU
		{4660CE50-2337-4731-B7A7-A7569E5112D8}.Debug|Any CPU.ActiveCfg = Debug|Any CPU
		{4660CE50-2337-4731-B7A7-A7569E5112D8}.Debug|Any CPU.Build.0 = Debug|Any CPU
		{4660CE50-2337-4731-B7A7-A7569E5112D8}.Release|Any CPU.ActiveCfg = Release|Any CPU
		{4660CE50-2337-4731-B7A7-A7569E5112D8}.Release|Any CPU.Build.0 = Release|Any CPU
		{45AD1878-D539-4EA2-8E53-D917A15C179E}.Debug|Any CPU.ActiveCfg = Debug|Any CPU
		{45AD1878-D539-4EA2-8E53-D917A15C179E}.Debug|Any CPU.Build.0 = Debug|Any CPU
		{45AD1878-D539-4EA2-8E53-D917A15C179E}.Release|Any CPU.ActiveCfg = Release|Any CPU
		{45AD1878-D539-4EA2-8E53-D917A15C179E}.Release|Any CPU.Build.0 = Release|Any CPU
		{54F66931-FD59-45A0-9B94-8BAC3570DFAF}.Debug|Any CPU.ActiveCfg = Debug|Any CPU
		{54F66931-FD59-45A0-9B94-8BAC3570DFAF}.Debug|Any CPU.Build.0 = Debug|Any CPU
		{54F66931-FD59-45A0-9B94-8BAC3570DFAF}.Release|Any CPU.ActiveCfg = Release|Any CPU
		{54F66931-FD59-45A0-9B94-8BAC3570DFAF}.Release|Any CPU.Build.0 = Release|Any CPU
		{F9BBBF65-A4F0-4F63-B844-3D1221EA235E}.Debug|Any CPU.ActiveCfg = Debug|Any CPU
		{F9BBBF65-A4F0-4F63-B844-3D1221EA235E}.Debug|Any CPU.Build.0 = Debug|Any CPU
		{F9BBBF65-A4F0-4F63-B844-3D1221EA235E}.Release|Any CPU.ActiveCfg = Release|Any CPU
		{F9BBBF65-A4F0-4F63-B844-3D1221EA235E}.Release|Any CPU.Build.0 = Release|Any CPU
		{B221ECAD-B896-4B89-8D07-5D3F0461765E}.Debug|Any CPU.ActiveCfg = Debug|Any CPU
		{B221ECAD-B896-4B89-8D07-5D3F0461765E}.Debug|Any CPU.Build.0 = Debug|Any CPU
		{B221ECAD-B896-4B89-8D07-5D3F0461765E}.Release|Any CPU.ActiveCfg = Release|Any CPU
		{B221ECAD-B896-4B89-8D07-5D3F0461765E}.Release|Any CPU.Build.0 = Release|Any CPU
		{872441B0-7CAB-4B36-9AFA-41A7A7431586}.Debug|Any CPU.ActiveCfg = Debug|Any CPU
		{872441B0-7CAB-4B36-9AFA-41A7A7431586}.Debug|Any CPU.Build.0 = Debug|Any CPU
		{872441B0-7CAB-4B36-9AFA-41A7A7431586}.Release|Any CPU.ActiveCfg = Release|Any CPU
		{872441B0-7CAB-4B36-9AFA-41A7A7431586}.Release|Any CPU.Build.0 = Release|Any CPU
		{4D65F2E3-B38B-476D-8E73-1BE88410C493}.Debug|Any CPU.ActiveCfg = Debug|Any CPU
		{4D65F2E3-B38B-476D-8E73-1BE88410C493}.Debug|Any CPU.Build.0 = Debug|Any CPU
		{4D65F2E3-B38B-476D-8E73-1BE88410C493}.Release|Any CPU.ActiveCfg = Release|Any CPU
		{4D65F2E3-B38B-476D-8E73-1BE88410C493}.Release|Any CPU.Build.0 = Release|Any CPU
		{70E5EB4F-8B8E-412E-86B9-21F651AF9BB9}.Debug|Any CPU.ActiveCfg = Debug|Any CPU
		{70E5EB4F-8B8E-412E-86B9-21F651AF9BB9}.Debug|Any CPU.Build.0 = Debug|Any CPU
		{70E5EB4F-8B8E-412E-86B9-21F651AF9BB9}.Release|Any CPU.ActiveCfg = Release|Any CPU
		{70E5EB4F-8B8E-412E-86B9-21F651AF9BB9}.Release|Any CPU.Build.0 = Release|Any CPU
		{A633BB64-6BFB-4195-8A83-CABE1A436515}.Debug|Any CPU.ActiveCfg = Debug|Any CPU
		{A633BB64-6BFB-4195-8A83-CABE1A436515}.Debug|Any CPU.Build.0 = Debug|Any CPU
		{A633BB64-6BFB-4195-8A83-CABE1A436515}.Release|Any CPU.ActiveCfg = Release|Any CPU
		{A633BB64-6BFB-4195-8A83-CABE1A436515}.Release|Any CPU.Build.0 = Release|Any CPU
		{471CD39D-2866-4FEF-8398-A36FA297F4B4}.Debug|Any CPU.ActiveCfg = Debug|Any CPU
		{471CD39D-2866-4FEF-8398-A36FA297F4B4}.Debug|Any CPU.Build.0 = Debug|Any CPU
		{471CD39D-2866-4FEF-8398-A36FA297F4B4}.Release|Any CPU.ActiveCfg = Release|Any CPU
		{471CD39D-2866-4FEF-8398-A36FA297F4B4}.Release|Any CPU.Build.0 = Release|Any CPU
		{88B3455F-4E74-4874-A772-41C405E80EA6}.Debug|Any CPU.ActiveCfg = Debug|Any CPU
		{88B3455F-4E74-4874-A772-41C405E80EA6}.Debug|Any CPU.Build.0 = Debug|Any CPU
		{88B3455F-4E74-4874-A772-41C405E80EA6}.Release|Any CPU.ActiveCfg = Release|Any CPU
		{88B3455F-4E74-4874-A772-41C405E80EA6}.Release|Any CPU.Build.0 = Release|Any CPU
		{3A64DA9D-8CDB-4B8E-8704-180EDE6CBA9F}.Debug|Any CPU.ActiveCfg = Debug|Any CPU
		{3A64DA9D-8CDB-4B8E-8704-180EDE6CBA9F}.Debug|Any CPU.Build.0 = Debug|Any CPU
		{3A64DA9D-8CDB-4B8E-8704-180EDE6CBA9F}.Release|Any CPU.ActiveCfg = Release|Any CPU
		{3A64DA9D-8CDB-4B8E-8704-180EDE6CBA9F}.Release|Any CPU.Build.0 = Release|Any CPU
		{870321D5-DA34-4ABD-8EFC-75A33A429DDE}.Debug|Any CPU.ActiveCfg = Debug|Any CPU
		{870321D5-DA34-4ABD-8EFC-75A33A429DDE}.Debug|Any CPU.Build.0 = Debug|Any CPU
		{870321D5-DA34-4ABD-8EFC-75A33A429DDE}.Release|Any CPU.ActiveCfg = Release|Any CPU
		{870321D5-DA34-4ABD-8EFC-75A33A429DDE}.Release|Any CPU.Build.0 = Release|Any CPU
		{4FB4A1D1-548B-4BE2-8AEF-13B7F032E968}.Debug|Any CPU.ActiveCfg = Debug|Any CPU
		{4FB4A1D1-548B-4BE2-8AEF-13B7F032E968}.Debug|Any CPU.Build.0 = Debug|Any CPU
		{4FB4A1D1-548B-4BE2-8AEF-13B7F032E968}.Release|Any CPU.ActiveCfg = Release|Any CPU
		{4FB4A1D1-548B-4BE2-8AEF-13B7F032E968}.Release|Any CPU.Build.0 = Release|Any CPU
		{4824CFAD-A118-47AB-92BB-691AB2394EE7}.Debug|Any CPU.ActiveCfg = Debug|Any CPU
		{4824CFAD-A118-47AB-92BB-691AB2394EE7}.Debug|Any CPU.Build.0 = Debug|Any CPU
		{4824CFAD-A118-47AB-92BB-691AB2394EE7}.Release|Any CPU.ActiveCfg = Release|Any CPU
		{4824CFAD-A118-47AB-92BB-691AB2394EE7}.Release|Any CPU.Build.0 = Release|Any CPU
		{8277B4E5-D62E-490B-9934-7A9A759D4778}.Debug|Any CPU.ActiveCfg = Debug|Any CPU
		{8277B4E5-D62E-490B-9934-7A9A759D4778}.Debug|Any CPU.Build.0 = Debug|Any CPU
		{8277B4E5-D62E-490B-9934-7A9A759D4778}.Release|Any CPU.ActiveCfg = Release|Any CPU
		{8277B4E5-D62E-490B-9934-7A9A759D4778}.Release|Any CPU.Build.0 = Release|Any CPU
		{3C10FA60-62D2-4229-85D6-73CEAD0AD8F6}.Debug|Any CPU.ActiveCfg = Debug|Any CPU
		{3C10FA60-62D2-4229-85D6-73CEAD0AD8F6}.Debug|Any CPU.Build.0 = Debug|Any CPU
		{3C10FA60-62D2-4229-85D6-73CEAD0AD8F6}.Release|Any CPU.ActiveCfg = Release|Any CPU
		{3C10FA60-62D2-4229-85D6-73CEAD0AD8F6}.Release|Any CPU.Build.0 = Release|Any CPU
		{551B370F-37E1-4339-AB29-E612D08F655D}.Debug|Any CPU.ActiveCfg = Debug|Any CPU
		{551B370F-37E1-4339-AB29-E612D08F655D}.Debug|Any CPU.Build.0 = Debug|Any CPU
		{551B370F-37E1-4339-AB29-E612D08F655D}.Release|Any CPU.ActiveCfg = Release|Any CPU
		{551B370F-37E1-4339-AB29-E612D08F655D}.Release|Any CPU.Build.0 = Release|Any CPU
		{2B5DA0D4-0F8F-4184-B11B-328B3CB83B61}.Debug|Any CPU.ActiveCfg = Debug|Any CPU
		{2B5DA0D4-0F8F-4184-B11B-328B3CB83B61}.Debug|Any CPU.Build.0 = Debug|Any CPU
		{2B5DA0D4-0F8F-4184-B11B-328B3CB83B61}.Release|Any CPU.ActiveCfg = Release|Any CPU
		{2B5DA0D4-0F8F-4184-B11B-328B3CB83B61}.Release|Any CPU.Build.0 = Release|Any CPU
		{2A21B1C3-C70C-4392-8D26-310CA484FA08}.Debug|Any CPU.ActiveCfg = Debug|Any CPU
		{2A21B1C3-C70C-4392-8D26-310CA484FA08}.Debug|Any CPU.Build.0 = Debug|Any CPU
		{2A21B1C3-C70C-4392-8D26-310CA484FA08}.Release|Any CPU.ActiveCfg = Release|Any CPU
		{2A21B1C3-C70C-4392-8D26-310CA484FA08}.Release|Any CPU.Build.0 = Release|Any CPU
		{DDFCA777-876F-459F-A819-CA298E0A41A8}.Debug|Any CPU.ActiveCfg = Debug|Any CPU
		{DDFCA777-876F-459F-A819-CA298E0A41A8}.Debug|Any CPU.Build.0 = Debug|Any CPU
		{DDFCA777-876F-459F-A819-CA298E0A41A8}.Release|Any CPU.ActiveCfg = Release|Any CPU
		{DDFCA777-876F-459F-A819-CA298E0A41A8}.Release|Any CPU.Build.0 = Release|Any CPU
		{1AB502C8-F7F5-43C5-828F-FE22A43ABFE7}.Debug|Any CPU.ActiveCfg = Debug|Any CPU
		{1AB502C8-F7F5-43C5-828F-FE22A43ABFE7}.Debug|Any CPU.Build.0 = Debug|Any CPU
		{1AB502C8-F7F5-43C5-828F-FE22A43ABFE7}.Release|Any CPU.ActiveCfg = Release|Any CPU
		{1AB502C8-F7F5-43C5-828F-FE22A43ABFE7}.Release|Any CPU.Build.0 = Release|Any CPU
		{9A5CE0F6-CB27-4D1B-AE91-036E6915E4C6}.Debug|Any CPU.ActiveCfg = Debug|Any CPU
		{9A5CE0F6-CB27-4D1B-AE91-036E6915E4C6}.Debug|Any CPU.Build.0 = Debug|Any CPU
		{9A5CE0F6-CB27-4D1B-AE91-036E6915E4C6}.Release|Any CPU.ActiveCfg = Release|Any CPU
		{9A5CE0F6-CB27-4D1B-AE91-036E6915E4C6}.Release|Any CPU.Build.0 = Release|Any CPU
	EndGlobalSection
	GlobalSection(SolutionProperties) = preSolution
		HideSolutionNode = FALSE
	EndGlobalSection
	GlobalSection(ExtensibilityGlobals) = postSolution
		SolutionGuid = {6A8D7815-0594-4BD6-A8C7-76B377680117}
	EndGlobalSection
EndGlobal
